
Microsoft Visual Studio Solution File, Format Version 12.00
# Visual Studio Version 17
VisualStudioVersion = 17.14.36616.10 d17.14
MinimumVisualStudioVersion = 10.0.40219.1
Project("{FAE04EC0-301F-11D3-BF4B-00C04F79EFBC}") = "RestApiSample", "RestApiSample\RestApiSample.csproj", "{8831B038-17DA-41B7-A128-D062F988C09B}"
EndProject
Global
	GlobalSection(SolutionConfigurationPlatforms) = preSolution
		Debug|Any CPU = Debug|Any CPU
		Release|Any CPU = Release|Any CPU
	EndGlobalSection
	GlobalSection(ProjectConfigurationPlatforms) = postSolution
		{8831B038-17DA-41B7-A128-D062F988C09B}.Debug|Any CPU.ActiveCfg = Debug|Any CPU
		{8831B038-17DA-41B7-A128-D062F988C09B}.Debug|Any CPU.Build.0 = Debug|Any CPU
		{8831B038-17DA-41B7-A128-D062F988C09B}.Release|Any CPU.ActiveCfg = Release|Any CPU
		{8831B038-17DA-41B7-A128-D062F988C09B}.Release|Any CPU.Build.0 = Release|Any CPU
	EndGlobalSection
	GlobalSection(SolutionProperties) = preSolution
		HideSolutionNode = FALSE
	EndGlobalSection
	GlobalSection(ExtensibilityGlobals) = postSolution
		SolutionGuid = {D9D1A57C-7CD9-4603-BC3A-3E2C02A0DF7C}
	EndGlobalSection
EndGlobal
